
Microsoft Visual Studio Solution File, Format Version 12.00
# Visual Studio Version 17
VisualStudioVersion = 17.6.33829.357
MinimumVisualStudioVersion = 10.0.40219.1
Project("{9A19103F-16F7-4668-BE54-9A1E7A4F7556}") = "Mario Forever GdCSharp Dev", "Mario Forever GdCSharp Dev.csproj", "{9666EAF0-1611-4E33-91EF-BED983EACDD0}"
EndProject
Project("{2150E333-8FDC-42A3-9474-1A3956D46DE8}") = "Solution Items", "Solution Items", "{BB353E8B-D752-4A93-B4C3-DC15AFFD3C81}"
	ProjectSection(SolutionItems) = preProject
		.editorconfig = .editorconfig
	EndProjectSection
EndProject
Global
	GlobalSection(SolutionConfigurationPlatforms) = preSolution
		Debug|Any CPU = Debug|Any CPU
		ExportDebug|Any CPU = ExportDebug|Any CPU
		ExportRelease|Any CPU = ExportRelease|Any CPU
	EndGlobalSection
	GlobalSection(ProjectConfigurationPlatforms) = postSolution
		{9666EAF0-1611-4E33-91EF-BED983EACDD0}.Debug|Any CPU.ActiveCfg = Debug|Any CPU
		{9666EAF0-1611-4E33-91EF-BED983EACDD0}.Debug|Any CPU.Build.0 = Debug|Any CPU
		{9666EAF0-1611-4E33-91EF-BED983EACDD0}.ExportDebug|Any CPU.ActiveCfg = ExportDebug|Any CPU
		{9666EAF0-1611-4E33-91EF-BED983EACDD0}.ExportDebug|Any CPU.Build.0 = ExportDebug|Any CPU
		{9666EAF0-1611-4E33-91EF-BED983EACDD0}.ExportRelease|Any CPU.ActiveCfg = ExportRelease|Any CPU
		{9666EAF0-1611-4E33-91EF-BED983EACDD0}.ExportRelease|Any CPU.Build.0 = ExportRelease|Any CPU
	EndGlobalSection
	GlobalSection(SolutionProperties) = preSolution
		HideSolutionNode = FALSE
	EndGlobalSection
EndGlobal
